
Microsoft Visual Studio Solution File, Format Version 12.00
# Visual Studio Version 17
VisualStudioVersion = 17.5.2.0
MinimumVisualStudioVersion = 10.0.40219.1
Project("{FAE04EC0-301F-11D3-BF4B-00C04F79EFBC}") = "WebWayCMS", "WebWayCMS\WebWayCMS.csproj", "{4D24E8F7-3F2E-4E8D-A1C2-8E3F6B1F9A11}"
EndProject
Project("{FAE04EC0-301F-11D3-BF4B-00C04F79EFBC}") = "WebWayCMS.Data", "WebWayCMS.Data\WebWayCMS.Data.csproj", "{8CAD11A8-2031-461A-87C0-5B2775055E87}"
EndProject
Project("{FAE04EC0-301F-11D3-BF4B-00C04F79EFBC}") = "WebWayCMS.Identity", "WebWayCMS.Identity\WebWayCMS.Identity.csproj", "{2CE1BBC3-F994-4051-95DF-54ABBEB0A82D}"
EndProject
Project("{FAE04EC0-301F-11D3-BF4B-00C04F79EFBC}") = "WebWayCMS.Forms", "WebWayCMS.Forms\WebWayCMS.Forms.csproj", "{66D5C799-8D54-4E0B-9193-205FDE0899A3}"
EndProject
Project("{FAE04EC0-301F-11D3-BF4B-00C04F79EFBC}") = "WebWayCMS.Routing", "WebWayCMS.Routing\WebWayCMS.Routing.csproj", "{66385889-EF11-4223-B262-B1480DC8496E}"
EndProject
Project("{FAE04EC0-301F-11D3-BF4B-00C04F79EFBC}") = "WebWayCMS.ContentZones", "WebWayCMS.ContentZones\WebWayCMS.ContentZones.csproj", "{2AF63586-66D9-47F5-AD16-3A28A4C86053}"
EndProject
Project("{FAE04EC0-301F-11D3-BF4B-00C04F79EFBC}") = "WebWayCMS.Core", "WebWayCMS.Core\WebWayCMS.Core.csproj", "{3E34A59E-742B-4C34-B992-21708EE5D1AB}"
EndProject
Project("{FAE04EC0-301F-11D3-BF4B-00C04F79EFBC}") = "WebWayCMS.Presentation", "WebWayCMS.Presentation\WebWayCMS.Presentation.csproj", "{6BDC0C38-06B8-41C1-9A70-59080BBB0DD4}"
EndProject
Project("{2150E333-8FDC-42A3-9474-1A3956D46DE8}") = "tests", "tests", "{0AB3BF05-4346-4AA6-1389-037BE0695223}"
EndProject
Project("{FAE04EC0-301F-11D3-BF4B-00C04F79EFBC}") = "WebWayCMS.Core.Tests", "tests\WebWayCMS.Core.Tests\WebWayCMS.Core.Tests.csproj", "{B47B4E1F-17ED-4A50-8CD8-7C1E5B7C765B}"
EndProject
Project("{FAE04EC0-301F-11D3-BF4B-00C04F79EFBC}") = "WebWayCMS.Data.Tests", "tests\WebWayCMS.Data.Tests\WebWayCMS.Data.Tests.csproj", "{EE59E85D-282D-4386-B538-B8462D103FE0}"
EndProject
Project("{FAE04EC0-301F-11D3-BF4B-00C04F79EFBC}") = "WebWayCMS.Forms.Tests", "tests\WebWayCMS.Forms.Tests\WebWayCMS.Forms.Tests.csproj", "{00ADC474-92CE-438A-BC92-27EC7156A0A1}"
EndProject
Project("{FAE04EC0-301F-11D3-BF4B-00C04F79EFBC}") = "WebWayCMS.Routing.Tests", "tests\WebWayCMS.Routing.Tests\WebWayCMS.Routing.Tests.csproj", "{B13FE158-A160-4DFC-848E-B711A4C2A68D}"
EndProject
Project("{FAE04EC0-301F-11D3-BF4B-00C04F79EFBC}") = "WebWayCMS.ContentZones.Tests", "tests\WebWayCMS.ContentZones.Tests\WebWayCMS.ContentZones.Tests.csproj", "{4387DDFB-F259-41B8-B82C-9E54656F2E73}"
EndProject
Project("{FAE04EC0-301F-11D3-BF4B-00C04F79EFBC}") = "WebWayCMS.Identity.Tests", "tests\WebWayCMS.Identity.Tests\WebWayCMS.Identity.Tests.csproj", "{4A26552E-B647-4638-98B5-B03B869AF447}"
EndProject
Project("{FAE04EC0-301F-11D3-BF4B-00C04F79EFBC}") = "WebWayCMS.Presentation.Tests", "tests\WebWayCMS.Presentation.Tests\WebWayCMS.Presentation.Tests.csproj", "{93286721-2F61-4886-870C-857BE012C44A}"
EndProject
Project("{FAE04EC0-301F-11D3-BF4B-00C04F79EFBC}") = "WebWayCMS.Host.Tests", "tests\WebWayCMS.Host.Tests\WebWayCMS.Host.Tests.csproj", "{77BCD566-CFCF-489B-9E99-F4B8EB6DC338}"
EndProject
Project("{FAE04EC0-301F-11D3-BF4B-00C04F79EFBC}") = "WebWayCMS.Mcp", "WebWayCMS.Mcp\WebWayCMS.Mcp.csproj", "{DE04097A-79AB-4473-93AE-4E0D9C81D8EA}"
EndProject
Project("{FAE04EC0-301F-11D3-BF4B-00C04F79EFBC}") = "WebWayCMS.Mcp.Tests", "tests\WebWayCMS.Mcp.Tests\WebWayCMS.Mcp.Tests.csproj", "{22303F31-1C26-4485-8977-0D3D9E0ACF11}"
EndProject
Global
	GlobalSection(SolutionConfigurationPlatforms) = preSolution
		Debug|Any CPU = Debug|Any CPU
		Debug|x64 = Debug|x64
		Debug|x86 = Debug|x86
		Release|Any CPU = Release|Any CPU
		Release|x64 = Release|x64
		Release|x86 = Release|x86
	EndGlobalSection
	GlobalSection(ProjectConfigurationPlatforms) = postSolution
		{4D24E8F7-3F2E-4E8D-A1C2-8E3F6B1F9A11}.Debug|Any CPU.ActiveCfg = Debug|Any CPU
		{4D24E8F7-3F2E-4E8D-A1C2-8E3F6B1F9A11}.Debug|Any CPU.Build.0 = Debug|Any CPU
		{4D24E8F7-3F2E-4E8D-A1C2-8E3F6B1F9A11}.Debug|x64.ActiveCfg = Debug|Any CPU
		{4D24E8F7-3F2E-4E8D-A1C2-8E3F6B1F9A11}.Debug|x64.Build.0 = Debug|Any CPU
		{4D24E8F7-3F2E-4E8D-A1C2-8E3F6B1F9A11}.Debug|x86.ActiveCfg = Debug|Any CPU
		{4D24E8F7-3F2E-4E8D-A1C2-8E3F6B1F9A11}.Debug|x86.Build.0 = Debug|Any CPU
		{4D24E8F7-3F2E-4E8D-A1C2-8E3F6B1F9A11}.Release|Any CPU.ActiveCfg = Release|Any CPU
		{4D24E8F7-3F2E-4E8D-A1C2-8E3F6B1F9A11}.Release|Any CPU.Build.0 = Release|Any CPU
		{4D24E8F7-3F2E-4E8D-A1C2-8E3F6B1F9A11}.Release|x64.ActiveCfg = Release|Any CPU
		{4D24E8F7-3F2E-4E8D-A1C2-8E3F6B1F9A11}.Release|x64.Build.0 = Release|Any CPU
		{4D24E8F7-3F2E-4E8D-A1C2-8E3F6B1F9A11}.Release|x86.ActiveCfg = Release|Any CPU
		{4D24E8F7-3F2E-4E8D-A1C2-8E3F6B1F9A11}.Release|x86.Build.0 = Release|Any CPU
		{8CAD11A8-2031-461A-87C0-5B2775055E87}.Debug|Any CPU.ActiveCfg = Debug|Any CPU
		{8CAD11A8-2031-461A-87C0-5B2775055E87}.Debug|Any CPU.Build.0 = Debug|Any CPU
		{8CAD11A8-2031-461A-87C0-5B2775055E87}.Debug|x64.ActiveCfg = Debug|Any CPU
		{8CAD11A8-2031-461A-87C0-5B2775055E87}.Debug|x64.Build.0 = Debug|Any CPU
		{8CAD11A8-2031-461A-87C0-5B2775055E87}.Debug|x86.ActiveCfg = Debug|Any CPU
		{8CAD11A8-2031-461A-87C0-5B2775055E87}.Debug|x86.Build.0 = Debug|Any CPU
		{8CAD11A8-2031-461A-87C0-5B2775055E87}.Release|Any CPU.ActiveCfg = Release|Any CPU
		{8CAD11A8-2031-461A-87C0-5B2775055E87}.Release|Any CPU.Build.0 = Release|Any CPU
		{8CAD11A8-2031-461A-87C0-5B2775055E87}.Release|x64.ActiveCfg = Release|Any CPU
		{8CAD11A8-2031-461A-87C0-5B2775055E87}.Release|x64.Build.0 = Release|Any CPU
		{8CAD11A8-2031-461A-87C0-5B2775055E87}.Release|x86.ActiveCfg = Release|Any CPU
		{8CAD11A8-2031-461A-87C0-5B2775055E87}.Release|x86.Build.0 = Release|Any CPU
		{2CE1BBC3-F994-4051-95DF-54ABBEB0A82D}.Debug|Any CPU.ActiveCfg = Debug|Any CPU
		{2CE1BBC3-F994-4051-95DF-54ABBEB0A82D}.Debug|Any CPU.Build.0 = Debug|Any CPU
		{2CE1BBC3-F994-4051-95DF-54ABBEB0A82D}.Debug|x64.ActiveCfg = Debug|Any CPU
		{2CE1BBC3-F994-4051-95DF-54ABBEB0A82D}.Debug|x64.Build.0 = Debug|Any CPU
		{2CE1BBC3-F994-4051-95DF-54ABBEB0A82D}.Debug|x86.ActiveCfg = Debug|Any CPU
		{2CE1BBC3-F994-4051-95DF-54ABBEB0A82D}.Debug|x86.Build.0 = Debug|Any CPU
		{2CE1BBC3-F994-4051-95DF-54ABBEB0A82D}.Release|Any CPU.ActiveCfg = Release|Any CPU
		{2CE1BBC3-F994-4051-95DF-54ABBEB0A82D}.Release|Any CPU.Build.0 = Release|Any CPU
		{2CE1BBC3-F994-4051-95DF-54ABBEB0A82D}.Release|x64.ActiveCfg = Release|Any CPU
		{2CE1BBC3-F994-4051-95DF-54ABBEB0A82D}.Release|x64.Build.0 = Release|Any CPU
		{2CE1BBC3-F994-4051-95DF-54ABBEB0A82D}.Release|x86.ActiveCfg = Release|Any CPU
		{2CE1BBC3-F994-4051-95DF-54ABBEB0A82D}.Release|x86.Build.0 = Release|Any CPU
		{66D5C799-8D54-4E0B-9193-205FDE0899A3}.Debug|Any CPU.ActiveCfg = Debug|Any CPU
		{66D5C799-8D54-4E0B-9193-205FDE0899A3}.Debug|Any CPU.Build.0 = Debug|Any CPU
		{66D5C799-8D54-4E0B-9193-205FDE0899A3}.Debug|x64.ActiveCfg = Debug|Any CPU
		{66D5C799-8D54-4E0B-9193-205FDE0899A3}.Debug|x64.Build.0 = Debug|Any CPU
		{66D5C799-8D54-4E0B-9193-205FDE0899A3}.Debug|x86.ActiveCfg = Debug|Any CPU
		{66D5C799-8D54-4E0B-9193-205FDE0899A3}.Debug|x86.Build.0 = Debug|Any CPU
		{66D5C799-8D54-4E0B-9193-205FDE0899A3}.Release|Any CPU.ActiveCfg = Release|Any CPU
		{66D5C799-8D54-4E0B-9193-205FDE0899A3}.Release|Any CPU.Build.0 = Release|Any CPU
		{66D5C799-8D54-4E0B-9193-205FDE0899A3}.Release|x64.ActiveCfg = Release|Any CPU
		{66D5C799-8D54-4E0B-9193-205FDE0899A3}.Release|x64.Build.0 = Release|Any CPU
		{66D5C799-8D54-4E0B-9193-205FDE0899A3}.Release|x86.ActiveCfg = Release|Any CPU
		{66D5C799-8D54-4E0B-9193-205FDE0899A3}.Release|x86.Build.0 = Release|Any CPU
		{66385889-EF11-4223-B262-B1480DC8496E}.Debug|Any CPU.ActiveCfg = Debug|Any CPU
		{66385889-EF11-4223-B262-B1480DC8496E}.Debug|Any CPU.Build.0 = Debug|Any CPU
		{66385889-EF11-4223-B262-B1480DC8496E}.Debug|x64.ActiveCfg = Debug|Any CPU
		{66385889-EF11-4223-B262-B1480DC8496E}.Debug|x64.Build.0 = Debug|Any CPU
		{66385889-EF11-4223-B262-B1480DC8496E}.Debug|x86.ActiveCfg = Debug|Any CPU
		{66385889-EF11-4223-B262-B1480DC8496E}.Debug|x86.Build.0 = Debug|Any CPU
		{66385889-EF11-4223-B262-B1480DC8496E}.Release|Any CPU.ActiveCfg = Release|Any CPU
		{66385889-EF11-4223-B262-B1480DC8496E}.Release|Any CPU.Build.0 = Release|Any CPU
		{66385889-EF11-4223-B262-B1480DC8496E}.Release|x64.ActiveCfg = Release|Any CPU
		{66385889-EF11-4223-B262-B1480DC8496E}.Release|x64.Build.0 = Release|Any CPU
		{66385889-EF11-4223-B262-B1480DC8496E}.Release|x86.ActiveCfg = Release|Any CPU
		{66385889-EF11-4223-B262-B1480DC8496E}.Release|x86.Build.0 = Release|Any CPU
		{2AF63586-66D9-47F5-AD16-3A28A4C86053}.Debug|Any CPU.ActiveCfg = Debug|Any CPU
		{2AF63586-66D9-47F5-AD16-3A28A4C86053}.Debug|Any CPU.Build.0 = Debug|Any CPU
		{2AF63586-66D9-47F5-AD16-3A28A4C86053}.Debug|x64.ActiveCfg = Debug|Any CPU
		{2AF63586-66D9-47F5-AD16-3A28A4C86053}.Debug|x64.Build.0 = Debug|Any CPU
		{2AF63586-66D9-47F5-AD16-3A28A4C86053}.Debug|x86.ActiveCfg = Debug|Any CPU
		{2AF63586-66D9-47F5-AD16-3A28A4C86053}.Debug|x86.Build.0 = Debug|Any CPU
		{2AF63586-66D9-47F5-AD16-3A28A4C86053}.Release|Any CPU.ActiveCfg = Release|Any CPU
		{2AF63586-66D9-47F5-AD16-3A28A4C86053}.Release|Any CPU.Build.0 = Release|Any CPU
		{2AF63586-66D9-47F5-AD16-3A28A4C86053}.Release|x64.ActiveCfg = Release|Any CPU
		{2AF63586-66D9-47F5-AD16-3A28A4C86053}.Release|x64.Build.0 = Release|Any CPU
		{2AF63586-66D9-47F5-AD16-3A28A4C86053}.Release|x86.ActiveCfg = Release|Any CPU
		{2AF63586-66D9-47F5-AD16-3A28A4C86053}.Release|x86.Build.0 = Release|Any CPU
		{3E34A59E-742B-4C34-B992-21708EE5D1AB}.Debug|Any CPU.ActiveCfg = Debug|Any CPU
		{3E34A59E-742B-4C34-B992-21708EE5D1AB}.Debug|Any CPU.Build.0 = Debug|Any CPU
		{3E34A59E-742B-4C34-B992-21708EE5D1AB}.Debug|x64.ActiveCfg = Debug|Any CPU
		{3E34A59E-742B-4C34-B992-21708EE5D1AB}.Debug|x64.Build.0 = Debug|Any CPU
		{3E34A59E-742B-4C34-B992-21708EE5D1AB}.Debug|x86.ActiveCfg = Debug|Any CPU
		{3E34A59E-742B-4C34-B992-21708EE5D1AB}.Debug|x86.Build.0 = Debug|Any CPU
		{3E34A59E-742B-4C34-B992-21708EE5D1AB}.Release|Any CPU.ActiveCfg = Release|Any CPU
		{3E34A59E-742B-4C34-B992-21708EE5D1AB}.Release|Any CPU.Build.0 = Release|Any CPU
		{3E34A59E-742B-4C34-B992-21708EE5D1AB}.Release|x64.ActiveCfg = Release|Any CPU
		{3E34A59E-742B-4C34-B992-21708EE5D1AB}.Release|x64.Build.0 = Release|Any CPU
		{3E34A59E-742B-4C34-B992-21708EE5D1AB}.Release|x86.ActiveCfg = Release|Any CPU
		{3E34A59E-742B-4C34-B992-21708EE5D1AB}.Release|x86.Build.0 = Release|Any CPU
		{6BDC0C38-06B8-41C1-9A70-59080BBB0DD4}.Debug|Any CPU.ActiveCfg = Debug|Any CPU
		{6BDC0C38-06B8-41C1-9A70-59080BBB0DD4}.Debug|Any CPU.Build.0 = Debug|Any CPU
		{6BDC0C38-06B8-41C1-9A70-59080BBB0DD4}.Debug|x64.ActiveCfg = Debug|Any CPU
		{6BDC0C38-06B8-41C1-9A70-59080BBB0DD4}.Debug|x64.Build.0 = Debug|Any CPU
		{6BDC0C38-06B8-41C1-9A70-59080BBB0DD4}.Debug|x86.ActiveCfg = Debug|Any CPU
		{6BDC0C38-06B8-41C1-9A70-59080BBB0DD4}.Debug|x86.Build.0 = Debug|Any CPU
		{6BDC0C38-06B8-41C1-9A70-59080BBB0DD4}.Release|Any CPU.ActiveCfg = Release|Any CPU
		{6BDC0C38-06B8-41C1-9A70-59080BBB0DD4}.Release|Any CPU.Build.0 = Release|Any CPU
		{6BDC0C38-06B8-41C1-9A70-59080BBB0DD4}.Release|x64.ActiveCfg = Release|Any CPU
		{6BDC0C38-06B8-41C1-9A70-59080BBB0DD4}.Release|x64.Build.0 = Release|Any CPU
		{6BDC0C38-06B8-41C1-9A70-59080BBB0DD4}.Release|x86.ActiveCfg = Release|Any CPU
		{6BDC0C38-06B8-41C1-9A70-59080BBB0DD4}.Release|x86.Build.0 = Release|Any CPU
		{B47B4E1F-17ED-4A50-8CD8-7C1E5B7C765B}.Debug|Any CPU.ActiveCfg = Debug|Any CPU
		{B47B4E1F-17ED-4A50-8CD8-7C1E5B7C765B}.Debug|Any CPU.Build.0 = Debug|Any CPU
		{B47B4E1F-17ED-4A50-8CD8-7C1E5B7C765B}.Debug|x64.ActiveCfg = Debug|Any CPU
		{B47B4E1F-17ED-4A50-8CD8-7C1E5B7C765B}.Debug|x64.Build.0 = Debug|Any CPU
		{B47B4E1F-17ED-4A50-8CD8-7C1E5B7C765B}.Debug|x86.ActiveCfg = Debug|Any CPU
		{B47B4E1F-17ED-4A50-8CD8-7C1E5B7C765B}.Debug|x86.Build.0 = Debug|Any CPU
		{B47B4E1F-17ED-4A50-8CD8-7C1E5B7C765B}.Release|Any CPU.ActiveCfg = Release|Any CPU
		{B47B4E1F-17ED-4A50-8CD8-7C1E5B7C765B}.Release|Any CPU.Build.0 = Release|Any CPU
		{B47B4E1F-17ED-4A50-8CD8-7C1E5B7C765B}.Release|x64.ActiveCfg = Release|Any CPU
		{B47B4E1F-17ED-4A50-8CD8-7C1E5B7C765B}.Release|x64.Build.0 = Release|Any CPU
		{B47B4E1F-17ED-4A50-8CD8-7C1E5B7C765B}.Release|x86.ActiveCfg = Release|Any CPU
		{B47B4E1F-17ED-4A50-8CD8-7C1E5B7C765B}.Release|x86.Build.0 = Release|Any CPU
		{EE59E85D-282D-4386-B538-B8462D103FE0}.Debug|Any CPU.ActiveCfg = Debug|Any CPU
		{EE59E85D-282D-4386-B538-B8462D103FE0}.Debug|Any CPU.Build.0 = Debug|Any CPU
		{EE59E85D-282D-4386-B538-B8462D103FE0}.Debug|x64.ActiveCfg = Debug|Any CPU
		{EE59E85D-282D-4386-B538-B8462D103FE0}.Debug|x64.Build.0 = Debug|Any CPU
		{EE59E85D-282D-4386-B538-B8462D103FE0}.Debug|x86.ActiveCfg = Debug|Any CPU
		{EE59E85D-282D-4386-B538-B8462D103FE0}.Debug|x86.Build.0 = Debug|Any CPU
		{EE59E85D-282D-4386-B538-B8462D103FE0}.Release|Any CPU.ActiveCfg = Release|Any CPU
		{EE59E85D-282D-4386-B538-B8462D103FE0}.Release|Any CPU.Build.0 = Release|Any CPU
		{EE59E85D-282D-4386-B538-B8462D103FE0}.Release|x64.ActiveCfg = Release|Any CPU
		{EE59E85D-282D-4386-B538-B8462D103FE0}.Release|x64.Build.0 = Release|Any CPU
		{EE59E85D-282D-4386-B538-B8462D103FE0}.Release|x86.ActiveCfg = Release|Any CPU
		{EE59E85D-282D-4386-B538-B8462D103FE0}.Release|x86.Build.0 = Release|Any CPU
		{00ADC474-92CE-438A-BC92-27EC7156A0A1}.Debug|Any CPU.ActiveCfg = Debug|Any CPU
		{00ADC474-92CE-438A-BC92-27EC7156A0A1}.Debug|Any CPU.Build.0 = Debug|Any CPU
		{00ADC474-92CE-438A-BC92-27EC7156A0A1}.Debug|x64.ActiveCfg = Debug|Any CPU
		{00ADC474-92CE-438A-BC92-27EC7156A0A1}.Debug|x64.Build.0 = Debug|Any CPU
		{00ADC474-92CE-438A-BC92-27EC7156A0A1}.Debug|x86.ActiveCfg = Debug|Any CPU
		{00ADC474-92CE-438A-BC92-27EC7156A0A1}.Debug|x86.Build.0 = Debug|Any CPU
		{00ADC474-92CE-438A-BC92-27EC7156A0A1}.Release|Any CPU.ActiveCfg = Release|Any CPU
		{00ADC474-92CE-438A-BC92-27EC7156A0A1}.Release|Any CPU.Build.0 = Release|Any CPU
		{00ADC474-92CE-438A-BC92-27EC7156A0A1}.Release|x64.ActiveCfg = Release|Any CPU
		{00ADC474-92CE-438A-BC92-27EC7156A0A1}.Release|x64.Build.0 = Release|Any CPU
		{00ADC474-92CE-438A-BC92-27EC7156A0A1}.Release|x86.ActiveCfg = Release|Any CPU
		{00ADC474-92CE-438A-BC92-27EC7156A0A1}.Release|x86.Build.0 = Release|Any CPU
		{B13FE158-A160-4DFC-848E-B711A4C2A68D}.Debug|Any CPU.ActiveCfg = Debug|Any CPU
		{B13FE158-A160-4DFC-848E-B711A4C2A68D}.Debug|Any CPU.Build.0 = Debug|Any CPU
		{B13FE158-A160-4DFC-848E-B711A4C2A68D}.Debug|x64.ActiveCfg = Debug|Any CPU
		{B13FE158-A160-4DFC-848E-B711A4C2A68D}.Debug|x64.Build.0 = Debug|Any CPU
		{B13FE158-A160-4DFC-848E-B711A4C2A68D}.Debug|x86.ActiveCfg = Debug|Any CPU
		{B13FE158-A160-4DFC-848E-B711A4C2A68D}.Debug|x86.Build.0 = Debug|Any CPU
		{B13FE158-A160-4DFC-848E-B711A4C2A68D}.Release|Any CPU.ActiveCfg = Release|Any CPU
		{B13FE158-A160-4DFC-848E-B711A4C2A68D}.Release|Any CPU.Build.0 = Release|Any CPU
		{B13FE158-A160-4DFC-848E-B711A4C2A68D}.Release|x64.ActiveCfg = Release|Any CPU
		{B13FE158-A160-4DFC-848E-B711A4C2A68D}.Release|x64.Build.0 = Release|Any CPU
		{B13FE158-A160-4DFC-848E-B711A4C2A68D}.Release|x86.ActiveCfg = Release|Any CPU
		{B13FE158-A160-4DFC-848E-B711A4C2A68D}.Release|x86.Build.0 = Release|Any CPU
		{4387DDFB-F259-41B8-B82C-9E54656F2E73}.Debug|Any CPU.ActiveCfg = Debug|Any CPU
		{4387DDFB-F259-41B8-B82C-9E54656F2E73}.Debug|Any CPU.Build.0 = Debug|Any CPU
		{4387DDFB-F259-41B8-B82C-9E54656F2E73}.Debug|x64.ActiveCfg = Debug|Any CPU
		{4387DDFB-F259-41B8-B82C-9E54656F2E73}.Debug|x64.Build.0 = Debug|Any CPU
		{4387DDFB-F259-41B8-B82C-9E54656F2E73}.Debug|x86.ActiveCfg = Debug|Any CPU
		{4387DDFB-F259-41B8-B82C-9E54656F2E73}.Debug|x86.Build.0 = Debug|Any CPU
		{4387DDFB-F259-41B8-B82C-9E54656F2E73}.Release|Any CPU.ActiveCfg = Release|Any CPU
		{4387DDFB-F259-41B8-B82C-9E54656F2E73}.Release|Any CPU.Build.0 = Release|Any CPU
		{4387DDFB-F259-41B8-B82C-9E54656F2E73}.Release|x64.ActiveCfg = Release|Any CPU
		{4387DDFB-F259-41B8-B82C-9E54656F2E73}.Release|x64.Build.0 = Release|Any CPU
		{4387DDFB-F259-41B8-B82C-9E54656F2E73}.Release|x86.ActiveCfg = Release|Any CPU
		{4387DDFB-F259-41B8-B82C-9E54656F2E73}.Release|x86.Build.0 = Release|Any CPU
		{4A26552E-B647-4638-98B5-B03B869AF447}.Debug|Any CPU.ActiveCfg = Debug|Any CPU
		{4A26552E-B647-4638-98B5-B03B869AF447}.Debug|Any CPU.Build.0 = Debug|Any CPU
		{4A26552E-B647-4638-98B5-B03B869AF447}.Debug|x64.ActiveCfg = Debug|Any CPU
		{4A26552E-B647-4638-98B5-B03B869AF447}.Debug|x64.Build.0 = Debug|Any CPU
		{4A26552E-B647-4638-98B5-B03B869AF447}.Debug|x86.ActiveCfg = Debug|Any CPU
		{4A26552E-B647-4638-98B5-B03B869AF447}.Debug|x86.Build.0 = Debug|Any CPU
		{4A26552E-B647-4638-98B5-B03B869AF447}.Release|Any CPU.ActiveCfg = Release|Any CPU
		{4A26552E-B647-4638-98B5-B03B869AF447}.Release|Any CPU.Build.0 = Release|Any CPU
		{4A26552E-B647-4638-98B5-B03B869AF447}.Release|x64.ActiveCfg = Release|Any CPU
		{4A26552E-B647-4638-98B5-B03B869AF447}.Release|x64.Build.0 = Release|Any CPU
		{4A26552E-B647-4638-98B5-B03B869AF447}.Release|x86.ActiveCfg = Release|Any CPU
		{4A26552E-B647-4638-98B5-B03B869AF447}.Release|x86.Build.0 = Release|Any CPU
		{93286721-2F61-4886-870C-857BE012C44A}.Debug|Any CPU.ActiveCfg = Debug|Any CPU
		{93286721-2F61-4886-870C-857BE012C44A}.Debug|Any CPU.Build.0 = Debug|Any CPU
		{93286721-2F61-4886-870C-857BE012C44A}.Debug|x64.ActiveCfg = Debug|Any CPU
		{93286721-2F61-4886-870C-857BE012C44A}.Debug|x64.Build.0 = Debug|Any CPU
		{93286721-2F61-4886-870C-857BE012C44A}.Debug|x86.ActiveCfg = Debug|Any CPU
		{93286721-2F61-4886-870C-857BE012C44A}.Debug|x86.Build.0 = Debug|Any CPU
		{93286721-2F61-4886-870C-857BE012C44A}.Release|Any CPU.ActiveCfg = Release|Any CPU
		{93286721-2F61-4886-870C-857BE012C44A}.Release|Any CPU.Build.0 = Release|Any CPU
		{93286721-2F61-4886-870C-857BE012C44A}.Release|x64.ActiveCfg = Release|Any CPU
		{93286721-2F61-4886-870C-857BE012C44A}.Release|x64.Build.0 = Release|Any CPU
		{93286721-2F61-4886-870C-857BE012C44A}.Release|x86.ActiveCfg = Release|Any CPU
		{93286721-2F61-4886-870C-857BE012C44A}.Release|x86.Build.0 = Release|Any CPU
		{77BCD566-CFCF-489B-9E99-F4B8EB6DC338}.Debug|Any CPU.ActiveCfg = Debug|Any CPU
		{77BCD566-CFCF-489B-9E99-F4B8EB6DC338}.Debug|Any CPU.Build.0 = Debug|Any CPU
		{77BCD566-CFCF-489B-9E99-F4B8EB6DC338}.Debug|x64.ActiveCfg = Debug|Any CPU
		{77BCD566-CFCF-489B-9E99-F4B8EB6DC338}.Debug|x64.Build.0 = Debug|Any CPU
		{77BCD566-CFCF-489B-9E99-F4B8EB6DC338}.Debug|x86.ActiveCfg = Debug|Any CPU
		{77BCD566-CFCF-489B-9E99-F4B8EB6DC338}.Debug|x86.Build.0 = Debug|Any CPU
		{77BCD566-CFCF-489B-9E99-F4B8EB6DC338}.Release|Any CPU.ActiveCfg = Release|Any CPU
		{77BCD566-CFCF-489B-9E99-F4B8EB6DC338}.Release|Any CPU.Build.0 = Release|Any CPU
		{77BCD566-CFCF-489B-9E99-F4B8EB6DC338}.Release|x64.ActiveCfg = Release|Any CPU
		{77BCD566-CFCF-489B-9E99-F4B8EB6DC338}.Release|x64.Build.0 = Release|Any CPU
		{77BCD566-CFCF-489B-9E99-F4B8EB6DC338}.Release|x86.ActiveCfg = Release|Any CPU
		{77BCD566-CFCF-489B-9E99-F4B8EB6DC338}.Release|x86.Build.0 = Release|Any CPU
		{DE04097A-79AB-4473-93AE-4E0D9C81D8EA}.Debug|Any CPU.ActiveCfg = Debug|Any CPU
		{DE04097A-79AB-4473-93AE-4E0D9C81D8EA}.Debug|Any CPU.Build.0 = Debug|Any CPU
		{DE04097A-79AB-4473-93AE-4E0D9C81D8EA}.Debug|x64.ActiveCfg = Debug|Any CPU
		{DE04097A-79AB-4473-93AE-4E0D9C81D8EA}.Debug|x64.Build.0 = Debug|Any CPU
		{DE04097A-79AB-4473-93AE-4E0D9C81D8EA}.Debug|x86.ActiveCfg = Debug|Any CPU
		{DE04097A-79AB-4473-93AE-4E0D9C81D8EA}.Debug|x86.Build.0 = Debug|Any CPU
		{DE04097A-79AB-4473-93AE-4E0D9C81D8EA}.Release|Any CPU.ActiveCfg = Release|Any CPU
		{DE04097A-79AB-4473-93AE-4E0D9C81D8EA}.Release|Any CPU.Build.0 = Release|Any CPU
		{DE04097A-79AB-4473-93AE-4E0D9C81D8EA}.Release|x64.ActiveCfg = Release|Any CPU
		{DE04097A-79AB-4473-93AE-4E0D9C81D8EA}.Release|x64.Build.0 = Release|Any CPU
		{DE04097A-79AB-4473-93AE-4E0D9C81D8EA}.Release|x86.ActiveCfg = Release|Any CPU
		{DE04097A-79AB-4473-93AE-4E0D9C81D8EA}.Release|x86.Build.0 = Release|Any CPU
		{22303F31-1C26-4485-8977-0D3D9E0ACF11}.Debug|Any CPU.ActiveCfg = Debug|Any CPU
		{22303F31-1C26-4485-8977-0D3D9E0ACF11}.Debug|Any CPU.Build.0 = Debug|Any CPU
		{22303F31-1C26-4485-8977-0D3D9E0ACF11}.Debug|x64.ActiveCfg = Debug|Any CPU
		{22303F31-1C26-4485-8977-0D3D9E0ACF11}.Debug|x64.Build.0 = Debug|Any CPU
		{22303F31-1C26-4485-8977-0D3D9E0ACF11}.Debug|x86.ActiveCfg = Debug|Any CPU
		{22303F31-1C26-4485-8977-0D3D9E0ACF11}.Debug|x86.Build.0 = Debug|Any CPU
		{22303F31-1C26-4485-8977-0D3D9E0ACF11}.Release|Any CPU.ActiveCfg = Release|Any CPU
		{22303F31-1C26-4485-8977-0D3D9E0ACF11}.Release|Any CPU.Build.0 = Release|Any CPU
		{22303F31-1C26-4485-8977-0D3D9E0ACF11}.Release|x64.ActiveCfg = Release|Any CPU
		{22303F31-1C26-4485-8977-0D3D9E0ACF11}.Release|x64.Build.0 = Release|Any CPU
		{22303F31-1C26-4485-8977-0D3D9E0ACF11}.Release|x86.ActiveCfg = Release|Any CPU
		{22303F31-1C26-4485-8977-0D3D9E0ACF11}.Release|x86.Build.0 = Release|Any CPU
	EndGlobalSection
	GlobalSection(SolutionProperties) = preSolution
		HideSolutionNode = FALSE
	EndGlobalSection
	GlobalSection(NestedProjects) = preSolution
		{B47B4E1F-17ED-4A50-8CD8-7C1E5B7C765B} = {0AB3BF05-4346-4AA6-1389-037BE0695223}
		{EE59E85D-282D-4386-B538-B8462D103FE0} = {0AB3BF05-4346-4AA6-1389-037BE0695223}
		{00ADC474-92CE-438A-BC92-27EC7156A0A1} = {0AB3BF05-4346-4AA6-1389-037BE0695223}
		{B13FE158-A160-4DFC-848E-B711A4C2A68D} = {0AB3BF05-4346-4AA6-1389-037BE0695223}
		{4387DDFB-F259-41B8-B82C-9E54656F2E73} = {0AB3BF05-4346-4AA6-1389-037BE0695223}
		{4A26552E-B647-4638-98B5-B03B869AF447} = {0AB3BF05-4346-4AA6-1389-037BE0695223}
		{93286721-2F61-4886-870C-857BE012C44A} = {0AB3BF05-4346-4AA6-1389-037BE0695223}
		{77BCD566-CFCF-489B-9E99-F4B8EB6DC338} = {0AB3BF05-4346-4AA6-1389-037BE0695223}
		{22303F31-1C26-4485-8977-0D3D9E0ACF11} = {0AB3BF05-4346-4AA6-1389-037BE0695223}
	EndGlobalSection
	GlobalSection(ExtensibilityGlobals) = postSolution
		SolutionGuid = {272A0A75-73D0-4602-8EA8-BDEF11AC32EF}
	EndGlobalSection
EndGlobal
